
Microsoft Visual Studio Solution File, Format Version 12.00
# Visual Studio 15
VisualStudioVersion = 15.0.27703.2035
MinimumVisualStudioVersion = 10.0.40219.1
Project("{8BC9CEB8-8B4A-11D0-8D11-00A0C91BC942}") = "Learning-OpenGL", "Learning-OpenGL\Learning-OpenGL.vcxproj", "{9BAEE42E-3D53-4FE7-8F19-904E5F064EF1}"
EndProject
Global
	GlobalSection(SolutionConfigurationPlatforms) = preSolution
		Debug|x86 = Debug|x86
		Release|x86 = Release|x86
	EndGlobalSection
	GlobalSection(ProjectConfigurationPlatforms) = postSolution
		{9BAEE42E-3D53-4FE7-8F19-904E5F064EF1}.Debug|x86.ActiveCfg = Debug|Win32
		{9BAEE42E-3D53-4FE7-8F19-904E5F064EF1}.Debug|x86.Build.0 = Debug|Win32
		{9BAEE42E-3D53-4FE7-8F19-904E5F064EF1}.Release|x86.ActiveCfg = Release|Win32
		{9BAEE42E-3D53-4FE7-8F19-904E5F064EF1}.Release|x86.Build.0 = Release|Win32
	EndGlobalSection
	GlobalSection(SolutionProperties) = preSolution
		HideSolutionNode = FALSE
	EndGlobalSection
	GlobalSection(ExtensibilityGlobals) = postSolution
		SolutionGuid = {F9C866DB-58EE-46D4-BE5D-AA4EA388214E}
	EndGlobalSection
EndGlobal
